
Microsoft Visual Studio Solution File, Format Version 12.00
# Visual Studio Version 16
VisualStudioVersion = 16.0.29306.81
MinimumVisualStudioVersion = 10.0.40219.1
Project("{FAE04EC0-301F-11D3-BF4B-00C04F79EFBC}") = "XplatCollect.Android", "XplatCollect\XplatCollect.Android\XplatCollect.Android.csproj", "{28CC3D07-4351-4841-A624-999188AF9C62}"
EndProject
Project("{FAE04EC0-301F-11D3-BF4B-00C04F79EFBC}") = "XplatCollect.iOS", "XplatCollect\XplatCollect.iOS\XplatCollect.iOS.csproj", "{1FC09235-DC80-45E6-B6E1-44EED05E0EBE}"
EndProject
Project("{FAE04EC0-301F-11D3-BF4B-00C04F79EFBC}") = "XplatCollect", "XplatCollect\XplatCollect\XplatCollect.csproj", "{6E6B3CF3-B151-40A2-A7BA-3FDAAA339EE0}"
EndProject
Global
	GlobalSection(SolutionConfigurationPlatforms) = preSolution
		Debug|Any CPU = Debug|Any CPU
		Debug|iPhone = Debug|iPhone
		Debug|iPhoneSimulator = Debug|iPhoneSimulator
		Release|Any CPU = Release|Any CPU
		Release|iPhone = Release|iPhone
		Release|iPhoneSimulator = Release|iPhoneSimulator
	EndGlobalSection
	GlobalSection(ProjectConfigurationPlatforms) = postSolution
		{28CC3D07-4351-4841-A624-999188AF9C62}.Debug|Any CPU.ActiveCfg = Debug|Any CPU
		{28CC3D07-4351-4841-A624-999188AF9C62}.Debug|Any CPU.Build.0 = Debug|Any CPU
		{28CC3D07-4351-4841-A624-999188AF9C62}.Debug|Any CPU.Deploy.0 = Debug|Any CPU
		{28CC3D07-4351-4841-A624-999188AF9C62}.Debug|iPhone.ActiveCfg = Debug|Any CPU
		{28CC3D07-4351-4841-A624-999188AF9C62}.Debug|iPhone.Build.0 = Debug|Any CPU
		{28CC3D07-4351-4841-A624-999188AF9C62}.Debug|iPhone.Deploy.0 = Debug|Any CPU
		{28CC3D07-4351-4841-A624-999188AF9C62}.Debug|iPhoneSimulator.ActiveCfg = Debug|Any CPU
		{28CC3D07-4351-4841-A624-999188AF9C62}.Debug|iPhoneSimulator.Build.0 = Debug|Any CPU
		{28CC3D07-4351-4841-A624-999188AF9C62}.Debug|iPhoneSimulator.Deploy.0 = Debug|Any CPU
		{28CC3D07-4351-4841-A624-999188AF9C62}.Release|Any CPU.ActiveCfg = Release|Any CPU
		{28CC3D07-4351-4841-A624-999188AF9C62}.Release|Any CPU.Build.0 = Release|Any CPU
		{28CC3D07-4351-4841-A624-999188AF9C62}.Release|Any CPU.Deploy.0 = Release|Any CPU
		{28CC3D07-4351-4841-A624-999188AF9C62}.Release|iPhone.ActiveCfg = Release|Any CPU
		{28CC3D07-4351-4841-A624-999188AF9C62}.Release|iPhone.Build.0 = Release|Any CPU
		{28CC3D07-4351-4841-A624-999188AF9C62}.Release|iPhone.Deploy.0 = Release|Any CPU
		{28CC3D07-4351-4841-A624-999188AF9C62}.Release|iPhoneSimulator.ActiveCfg = Release|Any CPU
		{28CC3D07-4351-4841-A624-999188AF9C62}.Release|iPhoneSimulator.Build.0 = Release|Any CPU
		{28CC3D07-4351-4841-A624-999188AF9C62}.Release|iPhoneSimulator.Deploy.0 = Release|Any CPU
		{1FC09235-DC80-45E6-B6E1-44EED05E0EBE}.Debug|Any CPU.ActiveCfg = Debug|iPhoneSimulator
		{1FC09235-DC80-45E6-B6E1-44EED05E0EBE}.Debug|Any CPU.Build.0 = Debug|iPhoneSimulator
		{1FC09235-DC80-45E6-B6E1-44EED05E0EBE}.Debug|Any CPU.Deploy.0 = Debug|iPhoneSimulator
		{1FC09235-DC80-45E6-B6E1-44EED05E0EBE}.Debug|iPhone.ActiveCfg = Debug|iPhone
		{1FC09235-DC80-45E6-B6E1-44EED05E0EBE}.Debug|iPhone.Build.0 = Debug|iPhone
		{1FC09235-DC80-45E6-B6E1-44EED05E0EBE}.Debug|iPhone.Deploy.0 = Debug|iPhone
		{1FC09235-DC80-45E6-B6E1-44EED05E0EBE}.Debug|iPhoneSimulator.ActiveCfg = Debug|iPhoneSimulator
		{1FC09235-DC80-45E6-B6E1-44EED05E0EBE}.Debug|iPhoneSimulator.Build.0 = Debug|iPhoneSimulator
		{1FC09235-DC80-45E6-B6E1-44EED05E0EBE}.Debug|iPhoneSimulator.Deploy.0 = Debug|iPhoneSimulator
		{1FC09235-DC80-45E6-B6E1-44EED05E0EBE}.Release|Any CPU.ActiveCfg = Release|iPhone
		{1FC09235-DC80-45E6-B6E1-44EED05E0EBE}.Release|Any CPU.Build.0 = Release|iPhone
		{1FC09235-DC80-45E6-B6E1-44EED05E0EBE}.Release|Any CPU.Deploy.0 = Release|iPhone
		{1FC09235-DC80-45E6-B6E1-44EED05E0EBE}.Release|iPhone.ActiveCfg = Release|iPhone
		{1FC09235-DC80-45E6-B6E1-44EED05E0EBE}.Release|iPhone.Build.0 = Release|iPhone
		{1FC09235-DC80-45E6-B6E1-44EED05E0EBE}.Release|iPhone.Deploy.0 = Release|iPhone
		{1FC09235-DC80-45E6-B6E1-44EED05E0EBE}.Release|iPhoneSimulator.ActiveCfg = Release|iPhoneSimulator
		{1FC09235-DC80-45E6-B6E1-44EED05E0EBE}.Release|iPhoneSimulator.Build.0 = Release|iPhoneSimulator
		{1FC09235-DC80-45E6-B6E1-44EED05E0EBE}.Release|iPhoneSimulator.Deploy.0 = Release|iPhoneSimulator
		{6E6B3CF3-B151-40A2-A7BA-3FDAAA339EE0}.Debug|Any CPU.ActiveCfg = Debug|Any CPU
		{6E6B3CF3-B151-40A2-A7BA-3FDAAA339EE0}.Debug|Any CPU.Build.0 = Debug|Any CPU
		{6E6B3CF3-B151-40A2-A7BA-3FDAAA339EE0}.Debug|Any CPU.Deploy.0 = Debug|Any CPU
		{6E6B3CF3-B151-40A2-A7BA-3FDAAA339EE0}.Debug|iPhone.ActiveCfg = Debug|Any CPU
		{6E6B3CF3-B151-40A2-A7BA-3FDAAA339EE0}.Debug|iPhone.Build.0 = Debug|Any CPU
		{6E6B3CF3-B151-40A2-A7BA-3FDAAA339EE0}.Debug|iPhone.Deploy.0 = Debug|Any CPU
		{6E6B3CF3-B151-40A2-A7BA-3FDAAA339EE0}.Debug|iPhoneSimulator.ActiveCfg = Debug|Any CPU
		{6E6B3CF3-B151-40A2-A7BA-3FDAAA339EE0}.Debug|iPhoneSimulator.Build.0 = Debug|Any CPU
		{6E6B3CF3-B151-40A2-A7BA-3FDAAA339EE0}.Debug|iPhoneSimulator.Deploy.0 = Debug|Any CPU
		{6E6B3CF3-B151-40A2-A7BA-3FDAAA339EE0}.Release|Any CPU.ActiveCfg = Release|Any CPU
		{6E6B3CF3-B151-40A2-A7BA-3FDAAA339EE0}.Release|Any CPU.Build.0 = Release|Any CPU
		{6E6B3CF3-B151-40A2-A7BA-3FDAAA339EE0}.Release|Any CPU.Deploy.0 = Release|Any CPU
		{6E6B3CF3-B151-40A2-A7BA-3FDAAA339EE0}.Release|iPhone.ActiveCfg = Release|Any CPU
		{6E6B3CF3-B151-40A2-A7BA-3FDAAA339EE0}.Release|iPhone.Build.0 = Release|Any CPU
		{6E6B3CF3-B151-40A2-A7BA-3FDAAA339EE0}.Release|iPhone.Deploy.0 = Release|Any CPU
		{6E6B3CF3-B151-40A2-A7BA-3FDAAA339EE0}.Release|iPhoneSimulator.ActiveCfg = Release|Any CPU
		{6E6B3CF3-B151-40A2-A7BA-3FDAAA339EE0}.Release|iPhoneSimulator.Build.0 = Release|Any CPU
		{6E6B3CF3-B151-40A2-A7BA-3FDAAA339EE0}.Release|iPhoneSimulator.Deploy.0 = Release|Any CPU
	EndGlobalSection
	GlobalSection(SolutionProperties) = preSolution
		HideSolutionNode = FALSE
	EndGlobalSection
	GlobalSection(ExtensibilityGlobals) = postSolution
		SolutionGuid = {80D3CE93-926A-4C29-B440-158EC2BD8A17}
	EndGlobalSection
EndGlobal
